
Microsoft Visual Studio Solution File, Format Version 12.00
# Visual Studio Version 16
VisualStudioVersion = 16.0.30011.22
MinimumVisualStudioVersion = 10.0.40219.1
Project("{FAE04EC0-301F-11D3-BF4B-00C04F79EFBC}") = "ConsoleAppSatelliteAssembly", "ConsoleAppSatelliteAssembly\ConsoleAppSatelliteAssembly.csproj", "{1E1D5353-C3EE-4D7E-BE97-A5D2C69C0695}"
EndProject
Project("{FAE04EC0-301F-11D3-BF4B-00C04F79EFBC}") = "ConsoleAppSatelliteAssembly.resources", "ConsoleAppSatelliteAssembly.resources\ConsoleAppSatelliteAssembly.resources.csproj", "{F051FF92-6154-4CF6-B911-0C675AE97112}"
EndProject
Global
	GlobalSection(SolutionConfigurationPlatforms) = preSolution
		Debug|Any CPU = Debug|Any CPU
		Release|Any CPU = Release|Any CPU
	EndGlobalSection
	GlobalSection(ProjectConfigurationPlatforms) = postSolution
		{1E1D5353-C3EE-4D7E-BE97-A5D2C69C0695}.Debug|Any CPU.ActiveCfg = Debug|Any CPU
		{1E1D5353-C3EE-4D7E-BE97-A5D2C69C0695}.Debug|Any CPU.Build.0 = Debug|Any CPU
		{1E1D5353-C3EE-4D7E-BE97-A5D2C69C0695}.Release|Any CPU.ActiveCfg = Release|Any CPU
		{1E1D5353-C3EE-4D7E-BE97-A5D2C69C0695}.Release|Any CPU.Build.0 = Release|Any CPU
		{F051FF92-6154-4CF6-B911-0C675AE97112}.Debug|Any CPU.ActiveCfg = Debug|Any CPU
		{F051FF92-6154-4CF6-B911-0C675AE97112}.Debug|Any CPU.Build.0 = Debug|Any CPU
		{F051FF92-6154-4CF6-B911-0C675AE97112}.Release|Any CPU.ActiveCfg = Release|Any CPU
		{F051FF92-6154-4CF6-B911-0C675AE97112}.Release|Any CPU.Build.0 = Release|Any CPU
	EndGlobalSection
	GlobalSection(SolutionProperties) = preSolution
		HideSolutionNode = FALSE
	EndGlobalSection
	GlobalSection(ExtensibilityGlobals) = postSolution
		SolutionGuid = {4D98A41E-6935-49E8-BD08-F3F1D8632355}
	EndGlobalSection
EndGlobal
